
Microsoft Visual Studio Solution File, Format Version 12.00
# Visual Studio Version 17
VisualStudioVersion = 17.14.36603.0 d17.14
MinimumVisualStudioVersion = 10.0.40219.1
Project("{8BC9CEB8-8B4A-11D0-8D11-00A0C91BC942}") = "początek2", "początek2\początek2.vcxproj", "{302CA6CF-5FC9-4A1E-897C-A1AEE3F7C024}"
EndProject
Global
	GlobalSection(SolutionConfigurationPlatforms) = preSolution
		Debug|x64 = Debug|x64
		Debug|x86 = Debug|x86
		Release|x64 = Release|x64
		Release|x86 = Release|x86
	EndGlobalSection
	GlobalSection(ProjectConfigurationPlatforms) = postSolution
		{302CA6CF-5FC9-4A1E-897C-A1AEE3F7C024}.Debug|x64.ActiveCfg = Debug|x64
		{302CA6CF-5FC9-4A1E-897C-A1AEE3F7C024}.Debug|x64.Build.0 = Debug|x64
		{302CA6CF-5FC9-4A1E-897C-A1AEE3F7C024}.Debug|x86.ActiveCfg = Debug|Win32
		{302CA6CF-5FC9-4A1E-897C-A1AEE3F7C024}.Debug|x86.Build.0 = Debug|Win32
		{302CA6CF-5FC9-4A1E-897C-A1AEE3F7C024}.Release|x64.ActiveCfg = Release|x64
		{302CA6CF-5FC9-4A1E-897C-A1AEE3F7C024}.Release|x64.Build.0 = Release|x64
		{302CA6CF-5FC9-4A1E-897C-A1AEE3F7C024}.Release|x86.ActiveCfg = Release|Win32
		{302CA6CF-5FC9-4A1E-897C-A1AEE3F7C024}.Release|x86.Build.0 = Release|Win32
	EndGlobalSection
	GlobalSection(SolutionProperties) = preSolution
		HideSolutionNode = FALSE
	EndGlobalSection
	GlobalSection(ExtensibilityGlobals) = postSolution
		SolutionGuid = {5513E4C9-3A97-4A9C-A180-07202DEF9558}
	EndGlobalSection
EndGlobal
